
Microsoft Visual Studio Solution File, Format Version 12.00
# Visual Studio 15
Project("{FAE04EC0-301F-11D3-BF4B-00C04F79EFBC}") = "Assembly-CSharp", "Assembly-CSharp.csproj", "{55401F89-5DC2-0CAC-03D7-85669AF7446C}"
EndProject
Project("{FAE04EC0-301F-11D3-BF4B-00C04F79EFBC}") = "NavMeshComponentsExamples", "NavMeshComponentsExamples.csproj", "{6AA3C46F-6CBE-7DD3-59AB-BB2D02C96AB3}"
EndProject
Project("{FAE04EC0-301F-11D3-BF4B-00C04F79EFBC}") = "NavMeshComponentsTestsPlaymode", "NavMeshComponentsTestsPlaymode.csproj", "{A290D2D8-ACA9-1501-F20F-49D56776563E}"
EndProject
Project("{FAE04EC0-301F-11D3-BF4B-00C04F79EFBC}") = "Assembly-CSharp-firstpass", "Assembly-CSharp-firstpass.csproj", "{2D449D7C-DF0E-952C-A315-7580F95C6EDD}"
EndProject
Project("{FAE04EC0-301F-11D3-BF4B-00C04F79EFBC}") = "NavMeshComponents", "NavMeshComponents.csproj", "{659AB6FA-82D7-1B28-EF93-A4E0DE4FA12C}"
EndProject
Project("{FAE04EC0-301F-11D3-BF4B-00C04F79EFBC}") = "NavMeshComponentsEditor", "NavMeshComponentsEditor.csproj", "{99D8A58B-1C17-C7A7-9E16-2D592866057D}"
EndProject
Project("{FAE04EC0-301F-11D3-BF4B-00C04F79EFBC}") = "NavMeshComponentsTestsEditmode", "NavMeshComponentsTestsEditmode.csproj", "{7E247FF5-2D59-AD2B-D102-36D2A7481899}"
EndProject
Project("{FAE04EC0-301F-11D3-BF4B-00C04F79EFBC}") = "Assembly-CSharp-Editor-firstpass", "Assembly-CSharp-Editor-firstpass.csproj", "{BBCD9BE4-581B-8D8C-8763-4076FE785AAA}"
EndProject
Project("{FAE04EC0-301F-11D3-BF4B-00C04F79EFBC}") = "NavMeshComponentsExamplesEditor", "NavMeshComponentsExamplesEditor.csproj", "{9D3CFC4C-F39E-560C-4665-252CB3165646}"
EndProject
Global
	GlobalSection(SolutionConfigurationPlatforms) = preSolution
		Debug|Any CPU = Debug|Any CPU
		Release|Any CPU = Release|Any CPU
	EndGlobalSection
	GlobalSection(ProjectConfigurationPlatforms) = postSolution
		{55401F89-5DC2-0CAC-03D7-85669AF7446C}.Debug|Any CPU.ActiveCfg = Debug|Any CPU
		{55401F89-5DC2-0CAC-03D7-85669AF7446C}.Debug|Any CPU.Build.0 = Debug|Any CPU
		{55401F89-5DC2-0CAC-03D7-85669AF7446C}.Release|Any CPU.ActiveCfg = Release|Any CPU
		{55401F89-5DC2-0CAC-03D7-85669AF7446C}.Release|Any CPU.Build.0 = Release|Any CPU
		{6AA3C46F-6CBE-7DD3-59AB-BB2D02C96AB3}.Debug|Any CPU.ActiveCfg = Debug|Any CPU
		{6AA3C46F-6CBE-7DD3-59AB-BB2D02C96AB3}.Debug|Any CPU.Build.0 = Debug|Any CPU
		{6AA3C46F-6CBE-7DD3-59AB-BB2D02C96AB3}.Release|Any CPU.ActiveCfg = Release|Any CPU
		{6AA3C46F-6CBE-7DD3-59AB-BB2D02C96AB3}.Release|Any CPU.Build.0 = Release|Any CPU
		{A290D2D8-ACA9-1501-F20F-49D56776563E}.Debug|Any CPU.ActiveCfg = Debug|Any CPU
		{A290D2D8-ACA9-1501-F20F-49D56776563E}.Debug|Any CPU.Build.0 = Debug|Any CPU
		{A290D2D8-ACA9-1501-F20F-49D56776563E}.Release|Any CPU.ActiveCfg = Release|Any CPU
		{A290D2D8-ACA9-1501-F20F-49D56776563E}.Release|Any CPU.Build.0 = Release|Any CPU
		{2D449D7C-DF0E-952C-A315-7580F95C6EDD}.Debug|Any CPU.ActiveCfg = Debug|Any CPU
		{2D449D7C-DF0E-952C-A315-7580F95C6EDD}.Debug|Any CPU.Build.0 = Debug|Any CPU
		{2D449D7C-DF0E-952C-A315-7580F95C6EDD}.Release|Any CPU.ActiveCfg = Release|Any CPU
		{2D449D7C-DF0E-952C-A315-7580F95C6EDD}.Release|Any CPU.Build.0 = Release|Any CPU
		{659AB6FA-82D7-1B28-EF93-A4E0DE4FA12C}.Debug|Any CPU.ActiveCfg = Debug|Any CPU
		{659AB6FA-82D7-1B28-EF93-A4E0DE4FA12C}.Debug|Any CPU.Build.0 = Debug|Any CPU
		{659AB6FA-82D7-1B28-EF93-A4E0DE4FA12C}.Release|Any CPU.ActiveCfg = Release|Any CPU
		{659AB6FA-82D7-1B28-EF93-A4E0DE4FA12C}.Release|Any CPU.Build.0 = Release|Any CPU
		{99D8A58B-1C17-C7A7-9E16-2D592866057D}.Debug|Any CPU.ActiveCfg = Debug|Any CPU
		{99D8A58B-1C17-C7A7-9E16-2D592866057D}.Debug|Any CPU.Build.0 = Debug|Any CPU
		{99D8A58B-1C17-C7A7-9E16-2D592866057D}.Release|Any CPU.ActiveCfg = Release|Any CPU
		{99D8A58B-1C17-C7A7-9E16-2D592866057D}.Release|Any CPU.Build.0 = Release|Any CPU
		{7E247FF5-2D59-AD2B-D102-36D2A7481899}.Debug|Any CPU.ActiveCfg = Debug|Any CPU
		{7E247FF5-2D59-AD2B-D102-36D2A7481899}.Debug|Any CPU.Build.0 = Debug|Any CPU
		{7E247FF5-2D59-AD2B-D102-36D2A7481899}.Release|Any CPU.ActiveCfg = Release|Any CPU
		{7E247FF5-2D59-AD2B-D102-36D2A7481899}.Release|Any CPU.Build.0 = Release|Any CPU
		{BBCD9BE4-581B-8D8C-8763-4076FE785AAA}.Debug|Any CPU.ActiveCfg = Debug|Any CPU
		{BBCD9BE4-581B-8D8C-8763-4076FE785AAA}.Debug|Any CPU.Build.0 = Debug|Any CPU
		{BBCD9BE4-581B-8D8C-8763-4076FE785AAA}.Release|Any CPU.ActiveCfg = Release|Any CPU
		{BBCD9BE4-581B-8D8C-8763-4076FE785AAA}.Release|Any CPU.Build.0 = Release|Any CPU
		{9D3CFC4C-F39E-560C-4665-252CB3165646}.Debug|Any CPU.ActiveCfg = Debug|Any CPU
		{9D3CFC4C-F39E-560C-4665-252CB3165646}.Debug|Any CPU.Build.0 = Debug|Any CPU
		{9D3CFC4C-F39E-560C-4665-252CB3165646}.Release|Any CPU.ActiveCfg = Release|Any CPU
		{9D3CFC4C-F39E-560C-4665-252CB3165646}.Release|Any CPU.Build.0 = Release|Any CPU
	EndGlobalSection
	GlobalSection(SolutionProperties) = preSolution
		HideSolutionNode = FALSE
	EndGlobalSection
EndGlobal
